// !$*UTF8*$!
{
	archiveVersion = 1;
	classes = {
	};
	objectVersion = 77;
	objects = {

/* Begin PBXBuildFile section */
		8B112FF92FAD2A8400C9C796 /* WidgetKit.framework in Frameworks */ = {isa = PBXBuildFile; fileRef = 8B112FF82FAD2A8400C9C796 /* WidgetKit.framework */; };
		8B112FFB2FAD2A8400C9C796 /* SwiftUI.framework in Frameworks */ = {isa = PBXBuildFile; fileRef = 8B112FFA2FAD2A8400C9C796 /* SwiftUI.framework */; };
		8B28BF352F981150001DD2B5 /* BigBroKit in Frameworks */ = {isa = PBXBuildFile; productRef = 8B28BF342F981150001DD2B5 /* BigBroKit */; };
		8BAC10000000000000A1 /* TimerWidgetExtension.appex in Embed Foundation Extensions */ = {isa = PBXBuildFile; fileRef = 8B112FF62FAD2A8400C9C796 /* TimerWidgetExtension.appex */; settings = {ATTRIBUTES = (RemoveHeadersOnCopy, ); }; };
		8BAC10000000000000B2 /* TimerActivityAttributes.swift (shared with TimerWidgetExtension) in Sources */ = {isa = PBXBuildFile; fileRef = 8BAC10000000000000B1 /* TimerActivityAttributes.swift (shared with TimerWidgetExtension) */; };
		8BD0A0012EBF000000BB0001 /* MLX in Frameworks */ = {isa = PBXBuildFile; productRef = 8BD0A0002EBF000000BB0001 /* MLX */; };
		8BD0A0032EBF000000BB0001 /* MLXLLM in Frameworks */ = {isa = PBXBuildFile; productRef = 8BD0A0022EBF000000BB0001 /* MLXLLM */; };
		8BD0A0052EBF000000BB0001 /* MLXLMCommon in Frameworks */ = {isa = PBXBuildFile; productRef = 8BD0A0042EBF000000BB0001 /* MLXLMCommon */; };
/* End PBXBuildFile section */

/* Begin PBXContainerItemProxy section */
		8B8928262E6B467700A3BADD /* PBXContainerItemProxy */ = {
			isa = PBXContainerItemProxy;
			containerPortal = 8B8928102E6B467600A3BADD /* Project object */;
			proxyType = 1;
			remoteGlobalIDString = 8B8928172E6B467600A3BADD;
			remoteInfo = "little-chef";
		};
		8B8928302E6B467700A3BADD /* PBXContainerItemProxy */ = {
			isa = PBXContainerItemProxy;
			containerPortal = 8B8928102E6B467600A3BADD /* Project object */;
			proxyType = 1;
			remoteGlobalIDString = 8B8928172E6B467600A3BADD;
			remoteInfo = "little-chef";
		};
		8BAC10000000000000A2 /* PBXContainerItemProxy */ = {
			isa = PBXContainerItemProxy;
			containerPortal = 8B8928102E6B467600A3BADD /* Project object */;
			proxyType = 1;
			remoteGlobalIDString = 8B112FF52FAD2A8400C9C796;
			remoteInfo = TimerWidgetExtension;
		};
/* End PBXContainerItemProxy section */

/* Begin PBXCopyFilesBuildPhase section */
		8BAC10000000000000A3 /* Embed Foundation Extensions */ = {
			isa = PBXCopyFilesBuildPhase;
			buildActionMask = 2147483647;
			dstPath = "";
			dstSubfolderSpec = 13;
			files = (
				8BAC10000000000000A1 /* TimerWidgetExtension.appex in Embed Foundation Extensions */,
			);
			name = "Embed Foundation Extensions";
			runOnlyForDeploymentPostprocessing = 0;
		};
/* End PBXCopyFilesBuildPhase section */

/* Begin PBXFileReference section */
		8B112FF62FAD2A8400C9C796 /* TimerWidgetExtension.appex */ = {isa = PBXFileReference; explicitFileType = "wrapper.app-extension"; includeInIndex = 0; path = TimerWidgetExtension.appex; sourceTree = BUILT_PRODUCTS_DIR; };
		8B112FF82FAD2A8400C9C796 /* WidgetKit.framework */ = {isa = PBXFileReference; lastKnownFileType = wrapper.framework; name = WidgetKit.framework; path = System/Library/Frameworks/WidgetKit.framework; sourceTree = SDKROOT; };
		8B112FFA2FAD2A8400C9C796 /* SwiftUI.framework */ = {isa = PBXFileReference; lastKnownFileType = wrapper.framework; name = SwiftUI.framework; path = System/Library/Frameworks/SwiftUI.framework; sourceTree = SDKROOT; };
		8B8928182E6B467600A3BADD /* little-chef.app */ = {isa = PBXFileReference; explicitFileType = wrapper.application; includeInIndex = 0; path = "little-chef.app"; sourceTree = BUILT_PRODUCTS_DIR; };
		8B8928252E6B467700A3BADD /* little-chefTests.xctest */ = {isa = PBXFileReference; explicitFileType = wrapper.cfbundle; includeInIndex = 0; path = "little-chefTests.xctest"; sourceTree = BUILT_PRODUCTS_DIR; };
		8B89282F2E6B467700A3BADD /* little-chefUITests.xctest */ = {isa = PBXFileReference; explicitFileType = wrapper.cfbundle; includeInIndex = 0; path = "little-chefUITests.xctest"; sourceTree = BUILT_PRODUCTS_DIR; };
		8BAC10000000000000B1 /* TimerActivityAttributes.swift (shared with TimerWidgetExtension) */ = {isa = PBXFileReference; lastKnownFileType = sourcecode.swift; name = "TimerActivityAttributes.swift (shared with TimerWidgetExtension)"; path = "little-chef/Models/TimerActivityAttributes.swift"; sourceTree = "<group>"; };
/* End PBXFileReference section */

/* Begin PBXFileSystemSynchronizedBuildFileExceptionSet section */
		8B1130082FAD2A8500C9C796 /* Exceptions for "TimerWidget" folder in "TimerWidgetExtension" target */ = {
			isa = PBXFileSystemSynchronizedBuildFileExceptionSet;
			membershipExceptions = (
				Info.plist,
			);
			target = 8B112FF52FAD2A8400C9C796 /* TimerWidgetExtension */;
		};
		8BAB3D812E8B2237001822B4 /* Exceptions for "little-chef" folder in "little-chef" target */ = {
			isa = PBXFileSystemSynchronizedBuildFileExceptionSet;
			membershipExceptions = (
				Info.plist,
			);
			target = 8B8928172E6B467600A3BADD /* little-chef */;
		};
/* End PBXFileSystemSynchronizedBuildFileExceptionSet section */

/* Begin PBXFileSystemSynchronizedRootGroup section */
		8B112FFC2FAD2A8400C9C796 /* TimerWidget */ = {
			isa = PBXFileSystemSynchronizedRootGroup;
			exceptions = (
				8B1130082FAD2A8500C9C796 /* Exceptions for "TimerWidget" folder in "TimerWidgetExtension" target */,
			);
			path = TimerWidget;
			sourceTree = "<group>";
		};
		8B89281A2E6B467600A3BADD /* little-chef */ = {
			isa = PBXFileSystemSynchronizedRootGroup;
			exceptions = (
				8BAB3D812E8B2237001822B4 /* Exceptions for "little-chef" folder in "little-chef" target */,
			);
			path = "little-chef";
			sourceTree = "<group>";
		};
		8B8928282E6B467700A3BADD /* little-chefTests */ = {
			isa = PBXFileSystemSynchronizedRootGroup;
			path = "little-chefTests";
			sourceTree = "<group>";
		};
		8B8928322E6B467700A3BADD /* little-chefUITests */ = {
			isa = PBXFileSystemSynchronizedRootGroup;
			path = "little-chefUITests";
			sourceTree = "<group>";
		};
/* End PBXFileSystemSynchronizedRootGroup section */

/* Begin PBXFrameworksBuildPhase section */
		8B112FF32FAD2A8400C9C796 /* Frameworks */ = {
			isa = PBXFrameworksBuildPhase;
			buildActionMask = 2147483647;
			files = (
				8B112FFB2FAD2A8400C9C796 /* SwiftUI.framework in Frameworks */,
				8B112FF92FAD2A8400C9C796 /* WidgetKit.framework in Frameworks */,
			);
			runOnlyForDeploymentPostprocessing = 0;
		};
		8B8928152E6B467600A3BADD /* Frameworks */ = {
			isa = PBXFrameworksBuildPhase;
			buildActionMask = 2147483647;
			files = (
				8BD0A0012EBF000000BB0001 /* MLX in Frameworks */,
				8BD0A0032EBF000000BB0001 /* MLXLLM in Frameworks */,
				8B28BF352F981150001DD2B5 /* BigBroKit in Frameworks */,
				8BD0A0052EBF000000BB0001 /* MLXLMCommon in Frameworks */,
			);
			runOnlyForDeploymentPostprocessing = 0;
		};
		8B8928222E6B467700A3BADD /* Frameworks */ = {
			isa = PBXFrameworksBuildPhase;
			buildActionMask = 2147483647;
			files = (
			);
			runOnlyForDeploymentPostprocessing = 0;
		};
		8B89282C2E6B467700A3BADD /* Frameworks */ = {
			isa = PBXFrameworksBuildPhase;
			buildActionMask = 2147483647;
			files = (
			);
			runOnlyForDeploymentPostprocessing = 0;
		};
/* End PBXFrameworksBuildPhase section */

/* Begin PBXGroup section */
		8B112FF72FAD2A8400C9C796 /* Frameworks */ = {
			isa = PBXGroup;
			children = (
				8B112FF82FAD2A8400C9C796 /* WidgetKit.framework */,
				8B112FFA2FAD2A8400C9C796 /* SwiftUI.framework */,
			);
			name = Frameworks;
			sourceTree = "<group>";
		};
		8B89280F2E6B467600A3BADD = {
			isa = PBXGroup;
			children = (
				8B89281A2E6B467600A3BADD /* little-chef */,
				8B8928282E6B467700A3BADD /* little-chefTests */,
				8B8928322E6B467700A3BADD /* little-chefUITests */,
				8B112FFC2FAD2A8400C9C796 /* TimerWidget */,
				8BAC10000000000000B1 /* TimerActivityAttributes.swift (shared with TimerWidgetExtension) */,
				8B112FF72FAD2A8400C9C796 /* Frameworks */,
				8B8928192E6B467600A3BADD /* Products */,
			);
			sourceTree = "<group>";
		};
		8B8928192E6B467600A3BADD /* Products */ = {
			isa = PBXGroup;
			children = (
				8B8928182E6B467600A3BADD /* little-chef.app */,
				8B8928252E6B467700A3BADD /* little-chefTests.xctest */,
				8B89282F2E6B467700A3BADD /* little-chefUITests.xctest */,
				8B112FF62FAD2A8400C9C796 /* TimerWidgetExtension.appex */,
			);
			name = Products;
			sourceTree = "<group>";
		};
/* End PBXGroup section */

/* Begin PBXNativeTarget section */
		8B112FF52FAD2A8400C9C796 /* TimerWidgetExtension */ = {
			isa = PBXNativeTarget;
			buildConfigurationList = 8B1130092FAD2A8500C9C796 /* Build configuration list for PBXNativeTarget "TimerWidgetExtension" */;
			buildPhases = (
				8B112FF22FAD2A8400C9C796 /* Sources */,
				8B112FF32FAD2A8400C9C796 /* Frameworks */,
				8B112FF42FAD2A8400C9C796 /* Resources */,
			);
			buildRules = (
			);
			dependencies = (
			);
			fileSystemSynchronizedGroups = (
				8B112FFC2FAD2A8400C9C796 /* TimerWidget */,
			);
			name = TimerWidgetExtension;
			packageProductDependencies = (
			);
			productName = TimerWidgetExtension;
			productReference = 8B112FF62FAD2A8400C9C796 /* TimerWidgetExtension.appex */;
			productType = "com.apple.product-type.app-extension";
		};
		8B8928172E6B467600A3BADD /* little-chef */ = {
			isa = PBXNativeTarget;
			buildConfigurationList = 8B8928392E6B467700A3BADD /* Build configuration list for PBXNativeTarget "little-chef" */;
			buildPhases = (
				8B8928142E6B467600A3BADD /* Sources */,
				8B8928152E6B467600A3BADD /* Frameworks */,
				8B8928162E6B467600A3BADD /* Resources */,
				8BAC10000000000000A3 /* Embed Foundation Extensions */,
			);
			buildRules = (
			);
			dependencies = (
				8BAC10000000000000A4 /* PBXTargetDependency */,
			);
			fileSystemSynchronizedGroups = (
				8B89281A2E6B467600A3BADD /* little-chef */,
			);
			name = "little-chef";
			packageProductDependencies = (
				8BD0A0002EBF000000BB0001 /* MLX */,
				8BD0A0022EBF000000BB0001 /* MLXLLM */,
				8BD0A0042EBF000000BB0001 /* MLXLMCommon */,
				8B28BF342F981150001DD2B5 /* BigBroKit */,
			);
			productName = "little-chef";
			productReference = 8B8928182E6B467600A3BADD /* little-chef.app */;
			productType = "com.apple.product-type.application";
		};
		8B8928242E6B467700A3BADD /* little-chefTests */ = {
			isa = PBXNativeTarget;
			buildConfigurationList = 8B89283C2E6B467700A3BADD /* Build configuration list for PBXNativeTarget "little-chefTests" */;
			buildPhases = (
				8B8928212E6B467700A3BADD /* Sources */,
				8B8928222E6B467700A3BADD /* Frameworks */,
				8B8928232E6B467700A3BADD /* Resources */,
			);
			buildRules = (
			);
			dependencies = (
				8B8928272E6B467700A3BADD /* PBXTargetDependency */,
			);
			fileSystemSynchronizedGroups = (
				8B8928282E6B467700A3BADD /* little-chefTests */,
			);
			name = "little-chefTests";
			packageProductDependencies = (
			);
			productName = "little-chefTests";
			productReference = 8B8928252E6B467700A3BADD /* little-chefTests.xctest */;
			productType = "com.apple.product-type.bundle.unit-test";
		};
		8B89282E2E6B467700A3BADD /* little-chefUITests */ = {
			isa = PBXNativeTarget;
			buildConfigurationList = 8B89283F2E6B467700A3BADD /* Build configuration list for PBXNativeTarget "little-chefUITests" */;
			buildPhases = (
				8B89282B2E6B467700A3BADD /* Sources */,
				8B89282C2E6B467700A3BADD /* Frameworks */,
				8B89282D2E6B467700A3BADD /* Resources */,
			);
			buildRules = (
			);
			dependencies = (
				8B8928312E6B467700A3BADD /* PBXTargetDependency */,
			);
			fileSystemSynchronizedGroups = (
				8B8928322E6B467700A3BADD /* little-chefUITests */,
			);
			name = "little-chefUITests";
			packageProductDependencies = (
			);
			productName = "little-chefUITests";
			productReference = 8B89282F2E6B467700A3BADD /* little-chefUITests.xctest */;
			productType = "com.apple.product-type.bundle.ui-testing";
		};
/* End PBXNativeTarget section */

/* Begin PBXProject section */
		8B8928102E6B467600A3BADD /* Project object */ = {
			isa = PBXProject;
			attributes = {
				BuildIndependentTargetsInParallel = 1;
				LastSwiftUpdateCheck = 2640;
				LastUpgradeCheck = 1640;
				TargetAttributes = {
					8B112FF52FAD2A8400C9C796 = {
						CreatedOnToolsVersion = 26.4.1;
					};
					8B8928172E6B467600A3BADD = {
						CreatedOnToolsVersion = 16.4;
					};
					8B8928242E6B467700A3BADD = {
						CreatedOnToolsVersion = 16.4;
						TestTargetID = 8B8928172E6B467600A3BADD;
					};
					8B89282E2E6B467700A3BADD = {
						CreatedOnToolsVersion = 16.4;
						TestTargetID = 8B8928172E6B467600A3BADD;
					};
				};
			};
			buildConfigurationList = 8B8928132E6B467600A3BADD /* Build configuration list for PBXProject "little-chef" */;
			developmentRegion = en;
			hasScannedForEncodings = 0;
			knownRegions = (
				en,
				Base,
			);
			mainGroup = 8B89280F2E6B467600A3BADD;
			minimizedProjectReferenceProxies = 1;
			packageReferences = (
				8BD0A0062EBF000000BB0001 /* XCRemoteSwiftPackageReference "mlx-swift" */,
				8BD0A0072EBF000000BB0001 /* XCRemoteSwiftPackageReference "mlx-swift-lm" */,
				8B28BF332F981150001DD2B5 /* XCRemoteSwiftPackageReference "bigbro-kit" */,
			);
			preferredProjectObjectVersion = 77;
			productRefGroup = 8B8928192E6B467600A3BADD /* Products */;
			projectDirPath = "";
			projectRoot = "";
			targets = (
				8B8928172E6B467600A3BADD /* little-chef */,
				8B8928242E6B467700A3BADD /* little-chefTests */,
				8B89282E2E6B467700A3BADD /* little-chefUITests */,
				8B112FF52FAD2A8400C9C796 /* TimerWidgetExtension */,
			);
		};
/* End PBXProject section */

/* Begin PBXResourcesBuildPhase section */
		8B112FF42FAD2A8400C9C796 /* Resources */ = {
			isa = PBXResourcesBuildPhase;
			buildActionMask = 2147483647;
			files = (
			);
			runOnlyForDeploymentPostprocessing = 0;
		};
		8B8928162E6B467600A3BADD /* Resources */ = {
			isa = PBXResourcesBuildPhase;
			buildActionMask = 2147483647;
			files = (
			);
			runOnlyForDeploymentPostprocessing = 0;
		};
		8B8928232E6B467700A3BADD /* Resources */ = {
			isa = PBXResourcesBuildPhase;
			buildActionMask = 2147483647;
			files = (
			);
			runOnlyForDeploymentPostprocessing = 0;
		};
		8B89282D2E6B467700A3BADD /* Resources */ = {
			isa = PBXResourcesBuildPhase;
			buildActionMask = 2147483647;
			files = (
			);
			runOnlyForDeploymentPostprocessing = 0;
		};
/* End PBXResourcesBuildPhase section */

/* Begin PBXSourcesBuildPhase section */
		8B112FF22FAD2A8400C9C796 /* Sources */ = {
			isa = PBXSourcesBuildPhase;
			buildActionMask = 2147483647;
			files = (
				8BAC10000000000000B2 /* TimerActivityAttributes.swift (shared with TimerWidgetExtension) in Sources */,
			);
			runOnlyForDeploymentPostprocessing = 0;
		};
		8B8928142E6B467600A3BADD /* Sources */ = {
			isa = PBXSourcesBuildPhase;
			buildActionMask = 2147483647;
			files = (
			);
			runOnlyForDeploymentPostprocessing = 0;
		};
		8B8928212E6B467700A3BADD /* Sources */ = {
			isa = PBXSourcesBuildPhase;
			buildActionMask = 2147483647;
			files = (
			);
			runOnlyForDeploymentPostprocessing = 0;
		};
		8B89282B2E6B467700A3BADD /* Sources */ = {
			isa = PBXSourcesBuildPhase;
			buildActionMask = 2147483647;
			files = (
			);
			runOnlyForDeploymentPostprocessing = 0;
		};
/* End PBXSourcesBuildPhase section */

/* Begin PBXTargetDependency section */
		8B8928272E6B467700A3BADD /* PBXTargetDependency */ = {
			isa = PBXTargetDependency;
			target = 8B8928172E6B467600A3BADD /* little-chef */;
			targetProxy = 8B8928262E6B467700A3BADD /* PBXContainerItemProxy */;
		};
		8B8928312E6B467700A3BADD /* PBXTargetDependency */ = {
			isa = PBXTargetDependency;
			target = 8B8928172E6B467600A3BADD /* little-chef */;
			targetProxy = 8B8928302E6B467700A3BADD /* PBXContainerItemProxy */;
		};
		8BAC10000000000000A4 /* PBXTargetDependency */ = {
			isa = PBXTargetDependency;
			target = 8B112FF52FAD2A8400C9C796 /* TimerWidgetExtension */;
			targetProxy = 8BAC10000000000000A2 /* PBXContainerItemProxy */;
		};
/* End PBXTargetDependency section */

/* Begin XCBuildConfiguration section */
		8B11300A2FAD2A8500C9C796 /* Debug */ = {
			isa = XCBuildConfiguration;
			buildSettings = {
				ASSETCATALOG_COMPILER_GLOBAL_ACCENT_COLOR_NAME = AccentColor;
				ASSETCATALOG_COMPILER_WIDGET_BACKGROUND_COLOR_NAME = WidgetBackground;
				CODE_SIGN_ENTITLEMENTS = TimerWidget/TimerWidget.entitlements;
				CODE_SIGN_STYLE = Automatic;
				CURRENT_PROJECT_VERSION = 1;
				DEVELOPMENT_TEAM = MJ3P95GLA4;
				ENABLE_APP_SANDBOX = YES;
				ENABLE_HARDENED_RUNTIME = YES;
				GENERATE_INFOPLIST_FILE = YES;
				INFOPLIST_FILE = TimerWidget/Info.plist;
				INFOPLIST_KEY_CFBundleDisplayName = "LittleChef Timer";
				INFOPLIST_KEY_NSHumanReadableCopyright = "";
				IPHONEOS_DEPLOYMENT_TARGET = 18.6;
				LD_RUNPATH_SEARCH_PATHS = (
					"$(inherited)",
					"@executable_path/../Frameworks",
					"@executable_path/../../../../Frameworks",
				);
				MACOSX_DEPLOYMENT_TARGET = 26.3;
				MARKETING_VERSION = 1.0;
				PRODUCT_BUNDLE_IDENTIFIER = "NagataInc.little-chef.TimerWidget";
				PRODUCT_NAME = "$(TARGET_NAME)";
				SDKROOT = macosx;
				SKIP_INSTALL = YES;
				STRING_CATALOG_GENERATE_SYMBOLS = YES;
				SUPPORTED_PLATFORMS = "iphoneos iphonesimulator";
				SUPPORTS_MACCATALYST = NO;
				SWIFT_APPROACHABLE_CONCURRENCY = YES;
				SWIFT_EMIT_LOC_STRINGS = YES;
				SWIFT_UPCOMING_FEATURE_MEMBER_IMPORT_VISIBILITY = YES;
				SWIFT_VERSION = 5.0;
				TARGETED_DEVICE_FAMILY = "1,2";
			};
			name = Debug;
		};
		8B11300B2FAD2A8500C9C796 /* Release */ = {
			isa = XCBuildConfiguration;
			buildSettings = {
				ASSETCATALOG_COMPILER_GLOBAL_ACCENT_COLOR_NAME = AccentColor;
				ASSETCATALOG_COMPILER_WIDGET_BACKGROUND_COLOR_NAME = WidgetBackground;
				CODE_SIGN_ENTITLEMENTS = TimerWidget/TimerWidget.entitlements;
				CODE_SIGN_STYLE = Automatic;
				CURRENT_PROJECT_VERSION = 1;
				DEVELOPMENT_TEAM = MJ3P95GLA4;
				ENABLE_APP_SANDBOX = YES;
				ENABLE_HARDENED_RUNTIME = YES;
				GENERATE_INFOPLIST_FILE = YES;
				INFOPLIST_FILE = TimerWidget/Info.plist;
				INFOPLIST_KEY_CFBundleDisplayName = "LittleChef Timer";
				INFOPLIST_KEY_NSHumanReadableCopyright = "";
				IPHONEOS_DEPLOYMENT_TARGET = 18.6;
				LD_RUNPATH_SEARCH_PATHS = (
					"$(inherited)",
					"@executable_path/../Frameworks",
					"@executable_path/../../../../Frameworks",
				);
				MACOSX_DEPLOYMENT_TARGET = 26.3;
				MARKETING_VERSION = 1.0;
				PRODUCT_BUNDLE_IDENTIFIER = "NagataInc.little-chef.TimerWidget";
				PRODUCT_NAME = "$(TARGET_NAME)";
				SDKROOT = macosx;
				SKIP_INSTALL = YES;
				STRING_CATALOG_GENERATE_SYMBOLS = YES;
				SUPPORTED_PLATFORMS = "iphoneos iphonesimulator";
				SUPPORTS_MACCATALYST = NO;
				SWIFT_APPROACHABLE_CONCURRENCY = YES;
				SWIFT_EMIT_LOC_STRINGS = YES;
				SWIFT_UPCOMING_FEATURE_MEMBER_IMPORT_VISIBILITY = YES;
				SWIFT_VERSION = 5.0;
				TARGETED_DEVICE_FAMILY = "1,2";
			};
			name = Release;
		};
		8B8928372E6B467700A3BADD /* Debug */ = {
			isa = XCBuildConfiguration;
			buildSettings = {
				ALWAYS_SEARCH_USER_PATHS = NO;
				ASSETCATALOG_COMPILER_GENERATE_SWIFT_ASSET_SYMBOL_EXTENSIONS = YES;
				CLANG_ANALYZER_NONNULL = YES;
				CLANG_ANALYZER_NUMBER_OBJECT_CONVERSION = YES_AGGRESSIVE;
				CLANG_CXX_LANGUAGE_STANDARD = "gnu++20";
				CLANG_ENABLE_MODULES = YES;
				CLANG_ENABLE_OBJC_ARC = YES;
				CLANG_ENABLE_OBJC_WEAK = YES;
				CLANG_WARN_BLOCK_CAPTURE_AUTORELEASING = YES;
				CLANG_WARN_BOOL_CONVERSION = YES;
				CLANG_WARN_COMMA = YES;
				CLANG_WARN_CONSTANT_CONVERSION = YES;
				CLANG_WARN_DEPRECATED_OBJC_IMPLEMENTATIONS = YES;
				CLANG_WARN_DIRECT_OBJC_ISA_USAGE = YES_ERROR;
				CLANG_WARN_DOCUMENTATION_COMMENTS = YES;
				CLANG_WARN_EMPTY_BODY = YES;
				CLANG_WARN_ENUM_CONVERSION = YES;
				CLANG_WARN_INFINITE_RECURSION = YES;
				CLANG_WARN_INT_CONVERSION = YES;
				CLANG_WARN_NON_LITERAL_NULL_CONVERSION = YES;
				CLANG_WARN_OBJC_IMPLICIT_RETAIN_SELF = YES;
				CLANG_WARN_OBJC_LITERAL_CONVERSION = YES;
				CLANG_WARN_OBJC_ROOT_CLASS = YES_ERROR;
				CLANG_WARN_QUOTED_INCLUDE_IN_FRAMEWORK_HEADER = YES;
				CLANG_WARN_RANGE_LOOP_ANALYSIS = YES;
				CLANG_WARN_STRICT_PROTOTYPES = YES;
				CLANG_WARN_SUSPICIOUS_MOVE = YES;
				CLANG_WARN_UNGUARDED_AVAILABILITY = YES_AGGRESSIVE;
				CLANG_WARN_UNREACHABLE_CODE = YES;
				CLANG_WARN__DUPLICATE_METHOD_MATCH = YES;
				COPY_PHASE_STRIP = NO;
				DEBUG_INFORMATION_FORMAT = dwarf;
				DEVELOPMENT_TEAM = MJ3P95GLA4;
				ENABLE_STRICT_OBJC_MSGSEND = YES;
				ENABLE_TESTABILITY = YES;
				ENABLE_USER_SCRIPT_SANDBOXING = YES;
				GCC_C_LANGUAGE_STANDARD = gnu17;
				GCC_DYNAMIC_NO_PIC = NO;
				GCC_NO_COMMON_BLOCKS = YES;
				GCC_OPTIMIZATION_LEVEL = 0;
				GCC_PREPROCESSOR_DEFINITIONS = (
					"DEBUG=1",
					"$(inherited)",
				);
				GCC_WARN_64_TO_32_BIT_CONVERSION = YES;
				GCC_WARN_ABOUT_RETURN_TYPE = YES_ERROR;
				GCC_WARN_UNDECLARED_SELECTOR = YES;
				GCC_WARN_UNINITIALIZED_AUTOS = YES_AGGRESSIVE;
				GCC_WARN_UNUSED_FUNCTION = YES;
				GCC_WARN_UNUSED_VARIABLE = YES;
				IPHONEOS_DEPLOYMENT_TARGET = 18.6;
				LOCALIZATION_PREFERS_STRING_CATALOGS = YES;
				MTL_ENABLE_DEBUG_INFO = INCLUDE_SOURCE;
				MTL_FAST_MATH = YES;
				ONLY_ACTIVE_ARCH = YES;
				SDKROOT = iphoneos;
				SWIFT_ACTIVE_COMPILATION_CONDITIONS = "DEBUG $(inherited)";
				SWIFT_OPTIMIZATION_LEVEL = "-Onone";
			};
			name = Debug;
		};
		8B8928382E6B467700A3BADD /* Release */ = {
			isa = XCBuildConfiguration;
			buildSettings = {
				ALWAYS_SEARCH_USER_PATHS = NO;
				ASSETCATALOG_COMPILER_GENERATE_SWIFT_ASSET_SYMBOL_EXTENSIONS = YES;
				CLANG_ANALYZER_NONNULL = YES;
				CLANG_ANALYZER_NUMBER_OBJECT_CONVERSION = YES_AGGRESSIVE;
				CLANG_CXX_LANGUAGE_STANDARD = "gnu++20";
				CLANG_ENABLE_MODULES = YES;
				CLANG_ENABLE_OBJC_ARC = YES;
				CLANG_ENABLE_OBJC_WEAK = YES;
				CLANG_WARN_BLOCK_CAPTURE_AUTORELEASING = YES;
				CLANG_WARN_BOOL_CONVERSION = YES;
				CLANG_WARN_COMMA = YES;
				CLANG_WARN_CONSTANT_CONVERSION = YES;
				CLANG_WARN_DEPRECATED_OBJC_IMPLEMENTATIONS = YES;
				CLANG_WARN_DIRECT_OBJC_ISA_USAGE = YES_ERROR;
				CLANG_WARN_DOCUMENTATION_COMMENTS = YES;
				CLANG_WARN_EMPTY_BODY = YES;
				CLANG_WARN_ENUM_CONVERSION = YES;
				CLANG_WARN_INFINITE_RECURSION = YES;
				CLANG_WARN_INT_CONVERSION = YES;
				CLANG_WARN_NON_LITERAL_NULL_CONVERSION = YES;
				CLANG_WARN_OBJC_IMPLICIT_RETAIN_SELF = YES;
				CLANG_WARN_OBJC_LITERAL_CONVERSION = YES;
				CLANG_WARN_OBJC_ROOT_CLASS = YES_ERROR;
				CLANG_WARN_QUOTED_INCLUDE_IN_FRAMEWORK_HEADER = YES;
				CLANG_WARN_RANGE_LOOP_ANALYSIS = YES;
				CLANG_WARN_STRICT_PROTOTYPES = YES;
				CLANG_WARN_SUSPICIOUS_MOVE = YES;
				CLANG_WARN_UNGUARDED_AVAILABILITY = YES_AGGRESSIVE;
				CLANG_WARN_UNREACHABLE_CODE = YES;
				CLANG_WARN__DUPLICATE_METHOD_MATCH = YES;
				COPY_PHASE_STRIP = NO;
				DEBUG_INFORMATION_FORMAT = "dwarf-with-dsym";
				DEVELOPMENT_TEAM = MJ3P95GLA4;
				ENABLE_NS_ASSERTIONS = NO;
				ENABLE_STRICT_OBJC_MSGSEND = YES;
				ENABLE_USER_SCRIPT_SANDBOXING = YES;
				GCC_C_LANGUAGE_STANDARD = gnu17;
				GCC_NO_COMMON_BLOCKS = YES;
				GCC_WARN_64_TO_32_BIT_CONVERSION = YES;
				GCC_WARN_ABOUT_RETURN_TYPE = YES_ERROR;
				GCC_WARN_UNDECLARED_SELECTOR = YES;
				GCC_WARN_UNINITIALIZED_AUTOS = YES_AGGRESSIVE;
				GCC_WARN_UNUSED_FUNCTION = YES;
				GCC_WARN_UNUSED_VARIABLE = YES;
				IPHONEOS_DEPLOYMENT_TARGET = 18.6;
				LOCALIZATION_PREFERS_STRING_CATALOGS = YES;
				MTL_ENABLE_DEBUG_INFO = NO;
				MTL_FAST_MATH = YES;
				SDKROOT = iphoneos;
				SWIFT_COMPILATION_MODE = wholemodule;
				VALIDATE_PRODUCT = YES;
			};
			name = Release;
		};
		8B89283A2E6B467700A3BADD /* Debug */ = {
			isa = XCBuildConfiguration;
			buildSettings = {
				ASSETCATALOG_COMPILER_APPICON_NAME = AppIcon;
				ASSETCATALOG_COMPILER_GLOBAL_ACCENT_COLOR_NAME = AccentColor;
				ASSETCATALOG_COMPILER_INCLUDE_ALL_APPICON_ASSETS = NO;
				CODE_SIGN_ENTITLEMENTS = "little-chef/little-chef.entitlements";
				CODE_SIGN_STYLE = Automatic;
				CURRENT_PROJECT_VERSION = 1;
				DEVELOPMENT_TEAM = MJ3P95GLA4;
				ENABLE_PREVIEWS = YES;
				GENERATE_INFOPLIST_FILE = YES;
				INFOPLIST_FILE = "little-chef/Info.plist";
				INFOPLIST_KEY_CFBundleDisplayName = LittleChef;
				INFOPLIST_KEY_ITSAppUsesNonExemptEncryption = NO;
				INFOPLIST_KEY_LSApplicationCategoryType = "public.app-category.food-and-drink";
				INFOPLIST_KEY_NSLocalNetworkUsageDescription = "LittleChef uses the local network to discover and connect to your Mac running BigBro for AI cooking assistance.";
				INFOPLIST_KEY_NSMicrophoneUsageDescription = "LittleChef needs microphone access to listen to your voice commands and questions while cooking. This enables hands-free interaction with your AI cooking assistant.";
				INFOPLIST_KEY_NSSpeechRecognitionUsageDescription = "LittleChef uses speech recognition to provide hands-free cooking assistance. You can ask questions about recipes using your voice while your hands are busy cooking.";
				INFOPLIST_KEY_UIApplicationSceneManifest_Generation = YES;
				INFOPLIST_KEY_UIApplicationSupportsIndirectInputEvents = YES;
				INFOPLIST_KEY_UILaunchScreen_Generation = YES;
				INFOPLIST_KEY_UISupportedInterfaceOrientations_iPad = "UIInterfaceOrientationPortrait UIInterfaceOrientationPortraitUpsideDown UIInterfaceOrientationLandscapeLeft UIInterfaceOrientationLandscapeRight";
				INFOPLIST_KEY_UISupportedInterfaceOrientations_iPhone = "UIInterfaceOrientationPortrait UIInterfaceOrientationLandscapeLeft UIInterfaceOrientationLandscapeRight";
				IPHONEOS_DEPLOYMENT_TARGET = 18.6;
				LD_RUNPATH_SEARCH_PATHS = (
					"$(inherited)",
					"@executable_path/Frameworks",
				);
				MARKETING_VERSION = 1.0;
				PRODUCT_BUNDLE_IDENTIFIER = "NagataInc.little-chef";
				PRODUCT_NAME = "$(TARGET_NAME)";
				SWIFT_EMIT_LOC_STRINGS = YES;
				SWIFT_VERSION = 5.0;
				TARGETED_DEVICE_FAMILY = "1,2";
			};
			name = Debug;
		};
		8B89283B2E6B467700A3BADD /* Release */ = {
			isa = XCBuildConfiguration;
			buildSettings = {
				ASSETCATALOG_COMPILER_APPICON_NAME = AppIcon;
				ASSETCATALOG_COMPILER_GLOBAL_ACCENT_COLOR_NAME = AccentColor;
				ASSETCATALOG_COMPILER_INCLUDE_ALL_APPICON_ASSETS = NO;
				CODE_SIGN_ENTITLEMENTS = "little-chef/little-chef.entitlements";
				CODE_SIGN_STYLE = Automatic;
				CURRENT_PROJECT_VERSION = 1;
				DEVELOPMENT_TEAM = MJ3P95GLA4;
				ENABLE_PREVIEWS = YES;
				GENERATE_INFOPLIST_FILE = YES;
				INFOPLIST_FILE = "little-chef/Info.plist";
				INFOPLIST_KEY_CFBundleDisplayName = LittleChef;
				INFOPLIST_KEY_ITSAppUsesNonExemptEncryption = NO;
				INFOPLIST_KEY_LSApplicationCategoryType = "public.app-category.food-and-drink";
				INFOPLIST_KEY_NSLocalNetworkUsageDescription = "LittleChef uses the local network to discover and connect to your Mac running BigBro for AI cooking assistance.";
				INFOPLIST_KEY_NSMicrophoneUsageDescription = "LittleChef needs microphone access to listen to your voice commands and questions while cooking. This enables hands-free interaction with your AI cooking assistant.";
				INFOPLIST_KEY_NSSpeechRecognitionUsageDescription = "LittleChef uses speech recognition to provide hands-free cooking assistance. You can ask questions about recipes using your voice while your hands are busy cooking.";
				INFOPLIST_KEY_UIApplicationSceneManifest_Generation = YES;
				INFOPLIST_KEY_UIApplicationSupportsIndirectInputEvents = YES;
				INFOPLIST_KEY_UILaunchScreen_Generation = YES;
				INFOPLIST_KEY_UISupportedInterfaceOrientations_iPad = "UIInterfaceOrientationPortrait UIInterfaceOrientationPortraitUpsideDown UIInterfaceOrientationLandscapeLeft UIInterfaceOrientationLandscapeRight";
				INFOPLIST_KEY_UISupportedInterfaceOrientations_iPhone = "UIInterfaceOrientationPortrait UIInterfaceOrientationLandscapeLeft UIInterfaceOrientationLandscapeRight";
				IPHONEOS_DEPLOYMENT_TARGET = 18.6;
				LD_RUNPATH_SEARCH_PATHS = (
					"$(inherited)",
					"@executable_path/Frameworks",
				);
				MARKETING_VERSION = 1.0;
				PRODUCT_BUNDLE_IDENTIFIER = "NagataInc.little-chef";
				PRODUCT_NAME = "$(TARGET_NAME)";
				SWIFT_EMIT_LOC_STRINGS = YES;
				SWIFT_VERSION = 5.0;
				TARGETED_DEVICE_FAMILY = "1,2";
			};
			name = Release;
		};
		8B89283D2E6B467700A3BADD /* Debug */ = {
			isa = XCBuildConfiguration;
			buildSettings = {
				BUNDLE_LOADER = "$(TEST_HOST)";
				CODE_SIGN_STYLE = Automatic;
				CURRENT_PROJECT_VERSION = 1;
				DEVELOPMENT_TEAM = MJ3P95GLA4;
				GENERATE_INFOPLIST_FILE = YES;
				IPHONEOS_DEPLOYMENT_TARGET = 18.6;
				MARKETING_VERSION = 1.0;
				PRODUCT_BUNDLE_IDENTIFIER = "NagataInc.little-chefTests";
				PRODUCT_NAME = "$(TARGET_NAME)";
				SWIFT_EMIT_LOC_STRINGS = NO;
				SWIFT_VERSION = 5.0;
				TARGETED_DEVICE_FAMILY = "1,2";
				TEST_HOST = "$(BUILT_PRODUCTS_DIR)/little-chef.app/$(BUNDLE_EXECUTABLE_FOLDER_PATH)/little-chef";
			};
			name = Debug;
		};
		8B89283E2E6B467700A3BADD /* Release */ = {
			isa = XCBuildConfiguration;
			buildSettings = {
				BUNDLE_LOADER = "$(TEST_HOST)";
				CODE_SIGN_STYLE = Automatic;
				CURRENT_PROJECT_VERSION = 1;
				DEVELOPMENT_TEAM = MJ3P95GLA4;
				GENERATE_INFOPLIST_FILE = YES;
				IPHONEOS_DEPLOYMENT_TARGET = 18.6;
				MARKETING_VERSION = 1.0;
				PRODUCT_BUNDLE_IDENTIFIER = "NagataInc.little-chefTests";
				PRODUCT_NAME = "$(TARGET_NAME)";
				SWIFT_EMIT_LOC_STRINGS = NO;
				SWIFT_VERSION = 5.0;
				TARGETED_DEVICE_FAMILY = "1,2";
				TEST_HOST = "$(BUILT_PRODUCTS_DIR)/little-chef.app/$(BUNDLE_EXECUTABLE_FOLDER_PATH)/little-chef";
			};
			name = Release;
		};
		8B8928402E6B467700A3BADD /* Debug */ = {
			isa = XCBuildConfiguration;
			buildSettings = {
				CODE_SIGN_STYLE = Automatic;
				CURRENT_PROJECT_VERSION = 1;
				DEVELOPMENT_TEAM = MJ3P95GLA4;
				GENERATE_INFOPLIST_FILE = YES;
				MARKETING_VERSION = 1.0;
				PRODUCT_BUNDLE_IDENTIFIER = "NagataInc.little-chefUITests";
				PRODUCT_NAME = "$(TARGET_NAME)";
				SWIFT_EMIT_LOC_STRINGS = NO;
				SWIFT_VERSION = 5.0;
				TARGETED_DEVICE_FAMILY = "1,2";
				TEST_TARGET_NAME = "little-chef";
			};
			name = Debug;
		};
		8B8928412E6B467700A3BADD /* Release */ = {
			isa = XCBuildConfiguration;
			buildSettings = {
				CODE_SIGN_STYLE = Automatic;
				CURRENT_PROJECT_VERSION = 1;
				DEVELOPMENT_TEAM = MJ3P95GLA4;
				GENERATE_INFOPLIST_FILE = YES;
				MARKETING_VERSION = 1.0;
				PRODUCT_BUNDLE_IDENTIFIER = "NagataInc.little-chefUITests";
				PRODUCT_NAME = "$(TARGET_NAME)";
				SWIFT_EMIT_LOC_STRINGS = NO;
				SWIFT_VERSION = 5.0;
				TARGETED_DEVICE_FAMILY = "1,2";
				TEST_TARGET_NAME = "little-chef";
			};
			name = Release;
		};
/* End XCBuildConfiguration section */

/* Begin XCConfigurationList section */
		8B1130092FAD2A8500C9C796 /* Build configuration list for PBXNativeTarget "TimerWidgetExtension" */ = {
			isa = XCConfigurationList;
			buildConfigurations = (
				8B11300A2FAD2A8500C9C796 /* Debug */,
				8B11300B2FAD2A8500C9C796 /* Release */,
			);
			defaultConfigurationIsVisible = 0;
			defaultConfigurationName = Release;
		};
		8B8928132E6B467600A3BADD /* Build configuration list for PBXProject "little-chef" */ = {
			isa = XCConfigurationList;
			buildConfigurations = (
				8B8928372E6B467700A3BADD /* Debug */,
				8B8928382E6B467700A3BADD /* Release */,
			);
			defaultConfigurationIsVisible = 0;
			defaultConfigurationName = Release;
		};
		8B8928392E6B467700A3BADD /* Build configuration list for PBXNativeTarget "little-chef" */ = {
			isa = XCConfigurationList;
			buildConfigurations = (
				8B89283A2E6B467700A3BADD /* Debug */,
				8B89283B2E6B467700A3BADD /* Release */,
			);
			defaultConfigurationIsVisible = 0;
			defaultConfigurationName = Release;
		};
		8B89283C2E6B467700A3BADD /* Build configuration list for PBXNativeTarget "little-chefTests" */ = {
			isa = XCConfigurationList;
			buildConfigurations = (
				8B89283D2E6B467700A3BADD /* Debug */,
				8B89283E2E6B467700A3BADD /* Release */,
			);
			defaultConfigurationIsVisible = 0;
			defaultConfigurationName = Release;
		};
		8B89283F2E6B467700A3BADD /* Build configuration list for PBXNativeTarget "little-chefUITests" */ = {
			isa = XCConfigurationList;
			buildConfigurations = (
				8B8928402E6B467700A3BADD /* Debug */,
				8B8928412E6B467700A3BADD /* Release */,
			);
			defaultConfigurationIsVisible = 0;
			defaultConfigurationName = Release;
		};
/* End XCConfigurationList section */

/* Begin XCRemoteSwiftPackageReference section */
		8B28BF332F981150001DD2B5 /* XCRemoteSwiftPackageReference "bigbro-kit" */ = {
			isa = XCRemoteSwiftPackageReference;
			repositoryURL = "https://github.com/cedricnagata/bigbro-kit";
			requirement = {
				branch = main;
				kind = branch;
			};
		};
		8BD0A0062EBF000000BB0001 /* XCRemoteSwiftPackageReference "mlx-swift" */ = {
			isa = XCRemoteSwiftPackageReference;
			repositoryURL = "https://github.com/cedricnagata/mlx-swift";
			requirement = {
				kind = exactVersion;
				version = "0.30.3-bonsai-ios";
			};
		};
		8BD0A0072EBF000000BB0001 /* XCRemoteSwiftPackageReference "mlx-swift-lm" */ = {
			isa = XCRemoteSwiftPackageReference;
			repositoryURL = "https://github.com/cedricnagata/mlx-swift-lm";
			requirement = {
				kind = exactVersion;
				version = "2.30.6-bonsai";
			};
		};
/* End XCRemoteSwiftPackageReference section */

/* Begin XCSwiftPackageProductDependency section */
		8B28BF342F981150001DD2B5 /* BigBroKit */ = {
			isa = XCSwiftPackageProductDependency;
			package = 8B28BF332F981150001DD2B5 /* XCRemoteSwiftPackageReference "bigbro-kit" */;
			productName = BigBroKit;
		};
		8BD0A0002EBF000000BB0001 /* MLX */ = {
			isa = XCSwiftPackageProductDependency;
			package = 8BD0A0062EBF000000BB0001 /* XCRemoteSwiftPackageReference "mlx-swift" */;
			productName = MLX;
		};
		8BD0A0022EBF000000BB0001 /* MLXLLM */ = {
			isa = XCSwiftPackageProductDependency;
			package = 8BD0A0072EBF000000BB0001 /* XCRemoteSwiftPackageReference "mlx-swift-lm" */;
			productName = MLXLLM;
		};
		8BD0A0042EBF000000BB0001 /* MLXLMCommon */ = {
			isa = XCSwiftPackageProductDependency;
			package = 8BD0A0072EBF000000BB0001 /* XCRemoteSwiftPackageReference "mlx-swift-lm" */;
			productName = MLXLMCommon;
		};
/* End XCSwiftPackageProductDependency section */
	};
	rootObject = 8B8928102E6B467600A3BADD /* Project object */;
}
