{
  "originHash": "b0b2065c43a918816f6c6d982f55f83d552eaaeee0cb94e5d9a6aa4d8fe476e0",
  "pins": [
    {
      "identity": "bigbro-kit",
      "kind": "remoteSourceControl",
      "location": "https://github.com/cedricnagata/bigbro-kit",
      "state": {
        "branch": "main",
        "revision": "4fe7b74751c08b6636c62e0a1b08bc10134bbc75"
      }
    },
    {
      "identity": "mlx-swift",
      "kind": "remoteSourceControl",
      "location": "https://github.com/cedricnagata/mlx-swift",
      "state": {
        "revision": "cc31d232c1fa48e379d912b3039ef077e2665e95",
        "version": "0.30.3-bonsai-ios"
      }
    },
    {
      "identity": "mlx-swift-lm",
      "kind": "remoteSourceControl",
      "location": "https://github.com/cedricnagata/mlx-swift-lm",
      "state": {
        "revision": "19b67e66d17cab17808a078c452adb464fbc3e6f",
        "version": "2.30.6-bonsai"
      }
    },
    {
      "identity": "swift-asn1",
      "kind": "remoteSourceControl",
      "location": "https://github.com/apple/swift-asn1.git",
      "state": {
        "revision": "a9a5efd40eaf558a2bcd48d64b1d1646be686008",
        "version": "1.7.1"
      }
    },
    {
      "identity": "swift-collections",
      "kind": "remoteSourceControl",
      "location": "https://github.com/apple/swift-collections.git",
      "state": {
        "revision": "a0cb0954ecb21e4e31b0070e6ed5674e8556685a",
        "version": "1.6.0"
      }
    },
    {
      "identity": "swift-crypto",
      "kind": "remoteSourceControl",
      "location": "https://github.com/apple/swift-crypto.git",
      "state": {
        "revision": "1b6b2e274e85105bfa155183145a1dcfd63331f1",
        "version": "4.5.0"
      }
    },
    {
      "identity": "swift-jinja",
      "kind": "remoteSourceControl",
      "location": "https://github.com/huggingface/swift-jinja.git",
      "state": {
        "revision": "0b67ecb79139f6addef8699eff3622808aa6c7dc",
        "version": "2.3.6"
      }
    },
    {
      "identity": "swift-numerics",
      "kind": "remoteSourceControl",
      "location": "https://github.com/apple/swift-numerics",
      "state": {
        "revision": "0c0290ff6b24942dadb83a929ffaaa1481df04a2",
        "version": "1.1.1"
      }
    },
    {
      "identity": "swift-transformers",
      "kind": "remoteSourceControl",
      "location": "https://github.com/huggingface/swift-transformers",
      "state": {
        "revision": "150169bfba0889c229a2ce7494cf8949f18e6906",
        "version": "1.1.9"
      }
    },
    {
      "identity": "yyjson",
      "kind": "remoteSourceControl",
      "location": "https://github.com/ibireme/yyjson.git",
      "state": {
        "revision": "8b4a38dc994a110abaec8a400615567bd996105f",
        "version": "0.12.0"
      }
    }
  ],
  "version": 3
}
